
Microsoft Visual Studio Solution File, Format Version 12.00
# Visual Studio Version 16
VisualStudioVersion = 16.0.30611.23
MinimumVisualStudioVersion = 10.0.40219.1
Project("{FAE04EC0-301F-11D3-BF4B-00C04F79EFBC}") = "Snake1234", "Snake1234.csproj", "{32453FBB-D63E-4BB9-B43D-6AAD0DAF2511}"
EndProject
Global
	GlobalSection(SolutionConfigurationPlatforms) = preSolution
		Debug|Any CPU = Debug|Any CPU
		Release|Any CPU = Release|Any CPU
	EndGlobalSection
	GlobalSection(ProjectConfigurationPlatforms) = postSolution
		{32453FBB-D63E-4BB9-B43D-6AAD0DAF2511}.Debug|Any CPU.ActiveCfg = Debug|Any CPU
		{32453FBB-D63E-4BB9-B43D-6AAD0DAF2511}.Debug|Any CPU.Build.0 = Debug|Any CPU
		{32453FBB-D63E-4BB9-B43D-6AAD0DAF2511}.Release|Any CPU.ActiveCfg = Release|Any CPU
		{32453FBB-D63E-4BB9-B43D-6AAD0DAF2511}.Release|Any CPU.Build.0 = Release|Any CPU
	EndGlobalSection
	GlobalSection(SolutionProperties) = preSolution
		HideSolutionNode = FALSE
	EndGlobalSection
	GlobalSection(ExtensibilityGlobals) = postSolution
		SolutionGuid = {56F2BC07-1393-420F-8D4E-DEED38B489C0}
	EndGlobalSection
EndGlobal
